
Microsoft Visual Studio Solution File, Format Version 12.00
# Visual Studio Version 17
VisualStudioVersion = 17.5.002.0
MinimumVisualStudioVersion = 10.0.40219.1
Project("{9A19103F-16F7-4668-BE54-9A1E7A4F7556}") = "Contoso Pets", "Contoso Pets.csproj", "{A359D847-ED76-4A04-8349-6A4A2DC9C3DF}"
EndProject
Global
	GlobalSection(SolutionConfigurationPlatforms) = preSolution
		Debug|Any CPU = Debug|Any CPU
		Release|Any CPU = Release|Any CPU
	EndGlobalSection
	GlobalSection(ProjectConfigurationPlatforms) = postSolution
		{A359D847-ED76-4A04-8349-6A4A2DC9C3DF}.Debug|Any CPU.ActiveCfg = Debug|Any CPU
		{A359D847-ED76-4A04-8349-6A4A2DC9C3DF}.Debug|Any CPU.Build.0 = Debug|Any CPU
		{A359D847-ED76-4A04-8349-6A4A2DC9C3DF}.Release|Any CPU.ActiveCfg = Release|Any CPU
		{A359D847-ED76-4A04-8349-6A4A2DC9C3DF}.Release|Any CPU.Build.0 = Release|Any CPU
	EndGlobalSection
	GlobalSection(SolutionProperties) = preSolution
		HideSolutionNode = FALSE
	EndGlobalSection
	GlobalSection(ExtensibilityGlobals) = postSolution
		SolutionGuid = {97D5A468-7A60-40F2-9420-B5084C8E99FE}
	EndGlobalSection
EndGlobal
